
Microsoft Visual Studio Solution File, Format Version 12.00
# Visual Studio Version 17
VisualStudioVersion = 17.5.33424.131
MinimumVisualStudioVersion = 10.0.40219.1
Project("{FAE04EC0-301F-11D3-BF4B-00C04F79EFBC}") = "WebApplication1", "WebApplication1\WebApplication1.csproj", "{0AF1F2EA-3758-4779-ABF5-D3FBBF027E46}"
EndProject
Global
	GlobalSection(SolutionConfigurationPlatforms) = preSolution
		Debug|Any CPU = Debug|Any CPU
		Release|Any CPU = Release|Any CPU
	EndGlobalSection
	GlobalSection(ProjectConfigurationPlatforms) = postSolution
		{0AF1F2EA-3758-4779-ABF5-D3FBBF027E46}.Debug|Any CPU.ActiveCfg = Debug|Any CPU
		{0AF1F2EA-3758-4779-ABF5-D3FBBF027E46}.Debug|Any CPU.Build.0 = Debug|Any CPU
		{0AF1F2EA-3758-4779-ABF5-D3FBBF027E46}.Release|Any CPU.ActiveCfg = Release|Any CPU
		{0AF1F2EA-3758-4779-ABF5-D3FBBF027E46}.Release|Any CPU.Build.0 = Release|Any CPU
	EndGlobalSection
	GlobalSection(SolutionProperties) = preSolution
		HideSolutionNode = FALSE
	EndGlobalSection
	GlobalSection(ExtensibilityGlobals) = postSolution
		SolutionGuid = {57A42EB3-6376-4826-9C1D-6EB9D311A938}
	EndGlobalSection
EndGlobal
